
Microsoft Visual Studio Solution File, Format Version 12.00
# Visual Studio Version 16
VisualStudioVersion = 16.0.31112.23
MinimumVisualStudioVersion = 10.0.40219.1
Project("{9A19103F-16F7-4668-BE54-9A1E7A4F7556}") = "WebAPI.Entities", "Entities\WebAPI.Entities.csproj", "{9FE4009E-9089-4812-90CF-846C80FC7B14}"
EndProject
Project("{9A19103F-16F7-4668-BE54-9A1E7A4F7556}") = "WebAPI.DataAccess", "DataAccess\WebAPI.DataAccess.csproj", "{DA5F9EC5-E9F8-4A21-93AA-AC7129F9B4E8}"
EndProject
Project("{9A19103F-16F7-4668-BE54-9A1E7A4F7556}") = "WebAPI.Business", "Business\WebAPI.Business.csproj", "{78993C9A-0607-49BD-81B3-44DD16596162}"
EndProject
Project("{9A19103F-16F7-4668-BE54-9A1E7A4F7556}") = "WebAPI.Core", "Core\WebAPI.Core.csproj", "{8B3CA24F-31AD-412B-8306-BD456D84AF48}"
EndProject
Project("{9A19103F-16F7-4668-BE54-9A1E7A4F7556}") = "WebAPI.Api", "WebAPI\WebAPI.Api.csproj", "{35EDD02C-D407-4A61-B631-B1432C55FEA2}"
EndProject
Project("{FAE04EC0-301F-11D3-BF4B-00C04F79EFBC}") = "TaskProjectWebApp.UI", "TaskProjectWebApp\TaskProjectWebApp.UI.csproj", "{0CD7638F-3A1C-4298-A947-20F98EF34C74}"
EndProject
Project("{FAE04EC0-301F-11D3-BF4B-00C04F79EFBC}") = "TaskProjectWebApp.Business", "TaskProjectWebApp.Business\TaskProjectWebApp.Business.csproj", "{2EDBC3BB-4E42-4E0F-B101-918460C79EAC}"
EndProject
Project("{FAE04EC0-301F-11D3-BF4B-00C04F79EFBC}") = "TaskProjectWebApp.Entities", "TaskProjectWebApp.Entities\TaskProjectWebApp.Entities.csproj", "{4DE0FB64-BA48-47F6-961E-1E7C50712C9F}"
EndProject
Global
	GlobalSection(SolutionConfigurationPlatforms) = preSolution
		Debug|Any CPU = Debug|Any CPU
		Release|Any CPU = Release|Any CPU
	EndGlobalSection
	GlobalSection(ProjectConfigurationPlatforms) = postSolution
		{9FE4009E-9089-4812-90CF-846C80FC7B14}.Debug|Any CPU.ActiveCfg = Debug|Any CPU
		{9FE4009E-9089-4812-90CF-846C80FC7B14}.Debug|Any CPU.Build.0 = Debug|Any CPU
		{9FE4009E-9089-4812-90CF-846C80FC7B14}.Release|Any CPU.ActiveCfg = Release|Any CPU
		{9FE4009E-9089-4812-90CF-846C80FC7B14}.Release|Any CPU.Build.0 = Release|Any CPU
		{DA5F9EC5-E9F8-4A21-93AA-AC7129F9B4E8}.Debug|Any CPU.ActiveCfg = Debug|Any CPU
		{DA5F9EC5-E9F8-4A21-93AA-AC7129F9B4E8}.Debug|Any CPU.Build.0 = Debug|Any CPU
		{DA5F9EC5-E9F8-4A21-93AA-AC7129F9B4E8}.Release|Any CPU.ActiveCfg = Release|Any CPU
		{DA5F9EC5-E9F8-4A21-93AA-AC7129F9B4E8}.Release|Any CPU.Build.0 = Release|Any CPU
		{78993C9A-0607-49BD-81B3-44DD16596162}.Debug|Any CPU.ActiveCfg = Debug|Any CPU
		{78993C9A-0607-49BD-81B3-44DD16596162}.Debug|Any CPU.Build.0 = Debug|Any CPU
		{78993C9A-0607-49BD-81B3-44DD16596162}.Release|Any CPU.ActiveCfg = Release|Any CPU
		{78993C9A-0607-49BD-81B3-44DD16596162}.Release|Any CPU.Build.0 = Release|Any CPU
		{8B3CA24F-31AD-412B-8306-BD456D84AF48}.Debug|Any CPU.ActiveCfg = Debug|Any CPU
		{8B3CA24F-31AD-412B-8306-BD456D84AF48}.Debug|Any CPU.Build.0 = Debug|Any CPU
		{8B3CA24F-31AD-412B-8306-BD456D84AF48}.Release|Any CPU.ActiveCfg = Release|Any CPU
		{8B3CA24F-31AD-412B-8306-BD456D84AF48}.Release|Any CPU.Build.0 = Release|Any CPU
		{35EDD02C-D407-4A61-B631-B1432C55FEA2}.Debug|Any CPU.ActiveCfg = Debug|Any CPU
		{35EDD02C-D407-4A61-B631-B1432C55FEA2}.Debug|Any CPU.Build.0 = Debug|Any CPU
		{35EDD02C-D407-4A61-B631-B1432C55FEA2}.Release|Any CPU.ActiveCfg = Release|Any CPU
		{35EDD02C-D407-4A61-B631-B1432C55FEA2}.Release|Any CPU.Build.0 = Release|Any CPU
		{0CD7638F-3A1C-4298-A947-20F98EF34C74}.Debug|Any CPU.ActiveCfg = Debug|Any CPU
		{0CD7638F-3A1C-4298-A947-20F98EF34C74}.Debug|Any CPU.Build.0 = Debug|Any CPU
		{0CD7638F-3A1C-4298-A947-20F98EF34C74}.Release|Any CPU.ActiveCfg = Release|Any CPU
		{0CD7638F-3A1C-4298-A947-20F98EF34C74}.Release|Any CPU.Build.0 = Release|Any CPU
		{2EDBC3BB-4E42-4E0F-B101-918460C79EAC}.Debug|Any CPU.ActiveCfg = Debug|Any CPU
		{2EDBC3BB-4E42-4E0F-B101-918460C79EAC}.Debug|Any CPU.Build.0 = Debug|Any CPU
		{2EDBC3BB-4E42-4E0F-B101-918460C79EAC}.Release|Any CPU.ActiveCfg = Release|Any CPU
		{2EDBC3BB-4E42-4E0F-B101-918460C79EAC}.Release|Any CPU.Build.0 = Release|Any CPU
		{4DE0FB64-BA48-47F6-961E-1E7C50712C9F}.Debug|Any CPU.ActiveCfg = Debug|Any CPU
		{4DE0FB64-BA48-47F6-961E-1E7C50712C9F}.Debug|Any CPU.Build.0 = Debug|Any CPU
		{4DE0FB64-BA48-47F6-961E-1E7C50712C9F}.Release|Any CPU.ActiveCfg = Release|Any CPU
		{4DE0FB64-BA48-47F6-961E-1E7C50712C9F}.Release|Any CPU.Build.0 = Release|Any CPU
	EndGlobalSection
	GlobalSection(SolutionProperties) = preSolution
		HideSolutionNode = FALSE
	EndGlobalSection
	GlobalSection(ExtensibilityGlobals) = postSolution
		SolutionGuid = {DA94F375-F814-436F-8164-1DC8F2A59DF0}
	EndGlobalSection
EndGlobal
